// !$*UTF8*$!
{
	archiveVersion = 1;
	classes = {
	};
	objectVersion = 50;
	objects = {

/* Begin PBXBuildFile section */
		9C1E5CF42519A80A0071D21C /* AppDelegate.swift in Sources */ = {isa = PBXBuildFile; fileRef = 9C1E5CF32519A80A0071D21C /* AppDelegate.swift */; };
		9C1E5CF62519A80A0071D21C /* SceneDelegate.swift in Sources */ = {isa = PBXBuildFile; fileRef = 9C1E5CF52519A80A0071D21C /* SceneDelegate.swift */; };
		9C1E5CF82519A80A0071D21C /* ContentView.swift in Sources */ = {isa = PBXBuildFile; fileRef = 9C1E5CF72519A80A0071D21C /* ContentView.swift */; };
		9C1E5CFA2519A80E0071D21C /* Assets.xcassets in Resources */ = {isa = PBXBuildFile; fileRef = 9C1E5CF92519A80E0071D21C /* Assets.xcassets */; };
		9C1E5CFD2519A80E0071D21C /* Preview Assets.xcassets in Resources */ = {isa = PBXBuildFile; fileRef = 9C1E5CFC2519A80E0071D21C /* Preview Assets.xcassets */; };
		9C1E5D002519A80E0071D21C /* LaunchScreen.storyboard in Resources */ = {isa = PBXBuildFile; fileRef = 9C1E5CFE2519A80E0071D21C /* LaunchScreen.storyboard */; };
		9C1E5D0B2519A80E0071D21C /* utoolsTests.swift in Sources */ = {isa = PBXBuildFile; fileRef = 9C1E5D0A2519A80E0071D21C /* utoolsTests.swift */; };
		9C1E5D162519A80E0071D21C /* utoolsUITests.swift in Sources */ = {isa = PBXBuildFile; fileRef = 9C1E5D152519A80E0071D21C /* utoolsUITests.swift */; };
/* End PBXBuildFile section */

/* Begin PBXContainerItemProxy section */
		9C1E5D072519A80E0071D21C /* PBXContainerItemProxy */ = {
			isa = PBXContainerItemProxy;
			containerPortal = 9C1E5CE82519A80A0071D21C /* Project object */;
			proxyType = 1;
			remoteGlobalIDString = 9C1E5CEF2519A80A0071D21C;
			remoteInfo = utools;
		};
		9C1E5D122519A80E0071D21C /* PBXContainerItemProxy */ = {
			isa = PBXContainerItemProxy;
			containerPortal = 9C1E5CE82519A80A0071D21C /* Project object */;
			proxyType = 1;
			remoteGlobalIDString = 9C1E5CEF2519A80A0071D21C;
			remoteInfo = utools;
		};
/* End PBXContainerItemProxy section */

/* Begin PBXFileReference section */
		9C1E5CF02519A80A0071D21C /* utools.app */ = {isa = PBXFileReference; explicitFileType = wrapper.application; includeInIndex = 0; path = utools.app; sourceTree = BUILT_PRODUCTS_DIR; };
		9C1E5CF32519A80A0071D21C /* AppDelegate.swift */ = {isa = PBXFileReference; lastKnownFileType = sourcecode.swift; path = AppDelegate.swift; sourceTree = "<group>"; };
		9C1E5CF52519A80A0071D21C /* SceneDelegate.swift */ = {isa = PBXFileReference; lastKnownFileType = sourcecode.swift; path = SceneDelegate.swift; sourceTree = "<group>"; };
		9C1E5CF72519A80A0071D21C /* ContentView.swift */ = {isa = PBXFileReference; lastKnownFileType = sourcecode.swift; path = ContentView.swift; sourceTree = "<group>"; };
		9C1E5CF92519A80E0071D21C /* Assets.xcassets */ = {isa = PBXFileReference; lastKnownFileType = folder.assetcatalog; path = Assets.xcassets; sourceTree = "<group>"; };
		9C1E5CFC2519A80E0071D21C /* Preview Assets.xcassets */ = {isa = PBXFileReference; lastKnownFileType = folder.assetcatalog; path = "Preview Assets.xcassets"; sourceTree = "<group>"; };
		9C1E5CFF2519A80E0071D21C /* Base */ = {isa = PBXFileReference; lastKnownFileType = file.storyboard; name = Base; path = Base.lproj/LaunchScreen.storyboard; sourceTree = "<group>"; };
		9C1E5D012519A80E0071D21C /* Info.plist */ = {isa = PBXFileReference; lastKnownFileType = text.plist.xml; path = Info.plist; sourceTree = "<group>"; };
		9C1E5D062519A80E0071D21C /* utoolsTests.xctest */ = {isa = PBXFileReference; explicitFileType = wrapper.cfbundle; includeInIndex = 0; path = utoolsTests.xctest; sourceTree = BUILT_PRODUCTS_DIR; };
		9C1E5D0A2519A80E0071D21C /* utoolsTests.swift */ = {isa = PBXFileReference; lastKnownFileType = sourcecode.swift; path = utoolsTests.swift; sourceTree = "<group>"; };
		9C1E5D0C2519A80E0071D21C /* Info.plist */ = {isa = PBXFileReference; lastKnownFileType = text.plist.xml; path = Info.plist; sourceTree = "<group>"; };
		9C1E5D112519A80E0071D21C /* utoolsUITests.xctest */ = {isa = PBXFileReference; explicitFileType = wrapper.cfbundle; includeInIndex = 0; path = utoolsUITests.xctest; sourceTree = BUILT_PRODUCTS_DIR; };
		9C1E5D152519A80E0071D21C /* utoolsUITests.swift */ = {isa = PBXFileReference; lastKnownFileType = sourcecode.swift; path = utoolsUITests.swift; sourceTree = "<group>"; };
		9C1E5D172519A80E0071D21C /* Info.plist */ = {isa = PBXFileReference; lastKnownFileType = text.plist.xml; path = Info.plist; sourceTree = "<group>"; };
/* End PBXFileReference section */

/* Begin PBXFrameworksBuildPhase section */
		9C1E5CED2519A80A0071D21C /* Frameworks */ = {
			isa = PBXFrameworksBuildPhase;
			buildActionMask = 2147483647;
			files = (
			);
			runOnlyForDeploymentPostprocessing = 0;
		};
		9C1E5D032519A80E0071D21C /* Frameworks */ = {
			isa = PBXFrameworksBuildPhase;
			buildActionMask = 2147483647;
			files = (
			);
			runOnlyForDeploymentPostprocessing = 0;
		};
		9C1E5D0E2519A80E0071D21C /* Frameworks */ = {
			isa = PBXFrameworksBuildPhase;
			buildActionMask = 2147483647;
			files = (
			);
			runOnlyForDeploymentPostprocessing = 0;
		};
/* End PBXFrameworksBuildPhase section */

/* Begin PBXGroup section */
		9C1E5CE72519A80A0071D21C = {
			isa = PBXGroup;
			children = (
				9C1E5CF22519A80A0071D21C /* utools */,
				9C1E5D092519A80E0071D21C /* utoolsTests */,
				9C1E5D142519A80E0071D21C /* utoolsUITests */,
				9C1E5CF12519A80A0071D21C /* Products */,
			);
			sourceTree = "<group>";
		};
		9C1E5CF12519A80A0071D21C /* Products */ = {
			isa = PBXGroup;
			children = (
				9C1E5CF02519A80A0071D21C /* utools.app */,
				9C1E5D062519A80E0071D21C /* utoolsTests.xctest */,
				9C1E5D112519A80E0071D21C /* utoolsUITests.xctest */,
			);
			name = Products;
			sourceTree = "<group>";
		};
		9C1E5CF22519A80A0071D21C /* utools */ = {
			isa = PBXGroup;
			children = (
				9C1E5CF32519A80A0071D21C /* AppDelegate.swift */,
				9C1E5CF52519A80A0071D21C /* SceneDelegate.swift */,
				9C1E5CF72519A80A0071D21C /* ContentView.swift */,
				9C1E5CF92519A80E0071D21C /* Assets.xcassets */,
				9C1E5CFE2519A80E0071D21C /* LaunchScreen.storyboard */,
				9C1E5D012519A80E0071D21C /* Info.plist */,
				9C1E5CFB2519A80E0071D21C /* Preview Content */,
			);
			path = utools;
			sourceTree = "<group>";
		};
		9C1E5CFB2519A80E0071D21C /* Preview Content */ = {
			isa = PBXGroup;
			children = (
				9C1E5CFC2519A80E0071D21C /* Preview Assets.xcassets */,
			);
			path = "Preview Content";
			sourceTree = "<group>";
		};
		9C1E5D092519A80E0071D21C /* utoolsTests */ = {
			isa = PBXGroup;
			children = (
				9C1E5D0A2519A80E0071D21C /* utoolsTests.swift */,
				9C1E5D0C2519A80E0071D21C /* Info.plist */,
			);
			path = utoolsTests;
			sourceTree = "<group>";
		};
		9C1E5D142519A80E0071D21C /* utoolsUITests */ = {
			isa = PBXGroup;
			children = (
				9C1E5D152519A80E0071D21C /* utoolsUITests.swift */,
				9C1E5D172519A80E0071D21C /* Info.plist */,
			);
			path = utoolsUITests;
			sourceTree = "<group>";
		};
/* End PBXGroup section */

/* Begin PBXNativeTarget section */
		9C1E5CEF2519A80A0071D21C /* utools */ = {
			isa = PBXNativeTarget;
			buildConfigurationList = 9C1E5D1A2519A80E0071D21C /* Build configuration list for PBXNativeTarget "utools" */;
			buildPhases = (
				9C1E5CEC2519A80A0071D21C /* Sources */,
				9C1E5CED2519A80A0071D21C /* Frameworks */,
				9C1E5CEE2519A80A0071D21C /* Resources */,
			);
			buildRules = (
			);
			dependencies = (
			);
			name = utools;
			productName = utools;
			productReference = 9C1E5CF02519A80A0071D21C /* utools.app */;
			productType = "com.apple.product-type.application";
		};
		9C1E5D052519A80E0071D21C /* utoolsTests */ = {
			isa = PBXNativeTarget;
			buildConfigurationList = 9C1E5D1D2519A80E0071D21C /* Build configuration list for PBXNativeTarget "utoolsTests" */;
			buildPhases = (
				9C1E5D022519A80E0071D21C /* Sources */,
				9C1E5D032519A80E0071D21C /* Frameworks */,
				9C1E5D042519A80E0071D21C /* Resources */,
			);
			buildRules = (
			);
			dependencies = (
				9C1E5D082519A80E0071D21C /* PBXTargetDependency */,
			);
			name = utoolsTests;
			productName = utoolsTests;
			productReference = 9C1E5D062519A80E0071D21C /* utoolsTests.xctest */;
			productType = "com.apple.product-type.bundle.unit-test";
		};
		9C1E5D102519A80E0071D21C /* utoolsUITests */ = {
			isa = PBXNativeTarget;
			buildConfigurationList = 9C1E5D202519A80E0071D21C /* Build configuration list for PBXNativeTarget "utoolsUITests" */;
			buildPhases = (
				9C1E5D0D2519A80E0071D21C /* Sources */,
				9C1E5D0E2519A80E0071D21C /* Frameworks */,
				9C1E5D0F2519A80E0071D21C /* Resources */,
			);
			buildRules = (
			);
			dependencies = (
				9C1E5D132519A80E0071D21C /* PBXTargetDependency */,
			);
			name = utoolsUITests;
			productName = utoolsUITests;
			productReference = 9C1E5D112519A80E0071D21C /* utoolsUITests.xctest */;
			productType = "com.apple.product-type.bundle.ui-testing";
		};
/* End PBXNativeTarget section */

/* Begin PBXProject section */
		9C1E5CE82519A80A0071D21C /* Project object */ = {
			isa = PBXProject;
			attributes = {
				LastSwiftUpdateCheck = 1160;
				LastUpgradeCheck = 1160;
				ORGANIZATIONNAME = JMR;
				TargetAttributes = {
					9C1E5CEF2519A80A0071D21C = {
						CreatedOnToolsVersion = 11.6;
					};
					9C1E5D052519A80E0071D21C = {
						CreatedOnToolsVersion = 11.6;
						TestTargetID = 9C1E5CEF2519A80A0071D21C;
					};
					9C1E5D102519A80E0071D21C = {
						CreatedOnToolsVersion = 11.6;
						TestTargetID = 9C1E5CEF2519A80A0071D21C;
					};
				};
			};
			buildConfigurationList = 9C1E5CEB2519A80A0071D21C /* Build configuration list for PBXProject "utools" */;
			compatibilityVersion = "Xcode 9.3";
			developmentRegion = en;
			hasScannedForEncodings = 0;
			knownRegions = (
				en,
				Base,
			);
			mainGroup = 9C1E5CE72519A80A0071D21C;
			productRefGroup = 9C1E5CF12519A80A0071D21C /* Products */;
			projectDirPath = "";
			projectRoot = "";
			targets = (
				9C1E5CEF2519A80A0071D21C /* utools */,
				9C1E5D052519A80E0071D21C /* utoolsTests */,
				9C1E5D102519A80E0071D21C /* utoolsUITests */,
			);
		};
/* End PBXProject section */

/* Begin PBXResourcesBuildPhase section */
		9C1E5CEE2519A80A0071D21C /* Resources */ = {
			isa = PBXResourcesBuildPhase;
			buildActionMask = 2147483647;
			files = (
				9C1E5D002519A80E0071D21C /* LaunchScreen.storyboard in Resources */,
				9C1E5CFD2519A80E0071D21C /* Preview Assets.xcassets in Resources */,
				9C1E5CFA2519A80E0071D21C /* Assets.xcassets in Resources */,
			);
			runOnlyForDeploymentPostprocessing = 0;
		};
		9C1E5D042519A80E0071D21C /* Resources */ = {
			isa = PBXResourcesBuildPhase;
			buildActionMask = 2147483647;
			files = (
			);
			runOnlyForDeploymentPostprocessing = 0;
		};
		9C1E5D0F2519A80E0071D21C /* Resources */ = {
			isa = PBXResourcesBuildPhase;
			buildActionMask = 2147483647;
			files = (
			);
			runOnlyForDeploymentPostprocessing = 0;
		};
/* End PBXResourcesBuildPhase section */

/* Begin PBXSourcesBuildPhase section */
		9C1E5CEC2519A80A0071D21C /* Sources */ = {
			isa = PBXSourcesBuildPhase;
			buildActionMask = 2147483647;
			files = (
				9C1E5CF42519A80A0071D21C /* AppDelegate.swift in Sources */,
				9C1E5CF62519A80A0071D21C /* SceneDelegate.swift in Sources */,
				9C1E5CF82519A80A0071D21C /* ContentView.swift in Sources */,
			);
			runOnlyForDeploymentPostprocessing = 0;
		};
		9C1E5D022519A80E0071D21C /* Sources */ = {
			isa = PBXSourcesBuildPhase;
			buildActionMask = 2147483647;
			files = (
				9C1E5D0B2519A80E0071D21C /* utoolsTests.swift in Sources */,
			);
			runOnlyForDeploymentPostprocessing = 0;
		};
		9C1E5D0D2519A80E0071D21C /* Sources */ = {
			isa = PBXSourcesBuildPhase;
			buildActionMask = 2147483647;
			files = (
				9C1E5D162519A80E0071D21C /* utoolsUITests.swift in Sources */,
			);
			runOnlyForDeploymentPostprocessing = 0;
		};
/* End PBXSourcesBuildPhase section */

/* Begin PBXTargetDependency section */
		9C1E5D082519A80E0071D21C /* PBXTargetDependency */ = {
			isa = PBXTargetDependency;
			target = 9C1E5CEF2519A80A0071D21C /* utools */;
			targetProxy = 9C1E5D072519A80E0071D21C /* PBXContainerItemProxy */;
		};
		9C1E5D132519A80E0071D21C /* PBXTargetDependency */ = {
			isa = PBXTargetDependency;
			target = 9C1E5CEF2519A80A0071D21C /* utools */;
			targetProxy = 9C1E5D122519A80E0071D21C /* PBXContainerItemProxy */;
		};
/* End PBXTargetDependency section */

/* Begin PBXVariantGroup section */
		9C1E5CFE2519A80E0071D21C /* LaunchScreen.storyboard */ = {
			isa = PBXVariantGroup;
			children = (
				9C1E5CFF2519A80E0071D21C /* Base */,
			);
			name = LaunchScreen.storyboard;
			sourceTree = "<group>";
		};
/* End PBXVariantGroup section */

/* Begin XCBuildConfiguration section */
		9C1E5D182519A80E0071D21C /* Debug */ = {
			isa = XCBuildConfiguration;
			buildSettings = {
				ALWAYS_SEARCH_USER_PATHS = NO;
				CLANG_ANALYZER_NONNULL = YES;
				CLANG_ANALYZER_NUMBER_OBJECT_CONVERSION = YES_AGGRESSIVE;
				CLANG_CXX_LANGUAGE_STANDARD = "gnu++14";
				CLANG_CXX_LIBRARY = "libc++";
				CLANG_ENABLE_MODULES = YES;
				CLANG_ENABLE_OBJC_ARC = YES;
				CLANG_ENABLE_OBJC_WEAK = YES;
				CLANG_WARN_BLOCK_CAPTURE_AUTORELEASING = YES;
				CLANG_WARN_BOOL_CONVERSION = YES;
				CLANG_WARN_COMMA = YES;
				CLANG_WARN_CONSTANT_CONVERSION = YES;
				CLANG_WARN_DEPRECATED_OBJC_IMPLEMENTATIONS = YES;
				CLANG_WARN_DIRECT_OBJC_ISA_USAGE = YES_ERROR;
				CLANG_WARN_DOCUMENTATION_COMMENTS = YES;
				CLANG_WARN_EMPTY_BODY = YES;
				CLANG_WARN_ENUM_CONVERSION = YES;
				CLANG_WARN_INFINITE_RECURSION = YES;
				CLANG_WARN_INT_CONVERSION = YES;
				CLANG_WARN_NON_LITERAL_NULL_CONVERSION = YES;
				CLANG_WARN_OBJC_IMPLICIT_RETAIN_SELF = YES;
				CLANG_WARN_OBJC_LITERAL_CONVERSION = YES;
				CLANG_WARN_OBJC_ROOT_CLASS = YES_ERROR;
				CLANG_WARN_RANGE_LOOP_ANALYSIS = YES;
				CLANG_WARN_STRICT_PROTOTYPES = YES;
				CLANG_WARN_SUSPICIOUS_MOVE = YES;
				CLANG_WARN_UNGUARDED_AVAILABILITY = YES_AGGRESSIVE;
				CLANG_WARN_UNREACHABLE_CODE = YES;
				CLANG_WARN__DUPLICATE_METHOD_MATCH = YES;
				COPY_PHASE_STRIP = NO;
				DEBUG_INFORMATION_FORMAT = dwarf;
				ENABLE_STRICT_OBJC_MSGSEND = YES;
				ENABLE_TESTABILITY = YES;
				GCC_C_LANGUAGE_STANDARD = gnu11;
				GCC_DYNAMIC_NO_PIC = NO;
				GCC_NO_COMMON_BLOCKS = YES;
				GCC_OPTIMIZATION_LEVEL = 0;
				GCC_PREPROCESSOR_DEFINITIONS = (
					"DEBUG=1",
					"$(inherited)",
				);
				GCC_WARN_64_TO_32_BIT_CONVERSION = YES;
				GCC_WARN_ABOUT_RETURN_TYPE = YES_ERROR;
				GCC_WARN_UNDECLARED_SELECTOR = YES;
				GCC_WARN_UNINITIALIZED_AUTOS = YES_AGGRESSIVE;
				GCC_WARN_UNUSED_FUNCTION = YES;
				GCC_WARN_UNUSED_VARIABLE = YES;
				IPHONEOS_DEPLOYMENT_TARGET = 13.6;
				MTL_ENABLE_DEBUG_INFO = INCLUDE_SOURCE;
				MTL_FAST_MATH = YES;
				ONLY_ACTIVE_ARCH = YES;
				SDKROOT = iphoneos;
				SWIFT_ACTIVE_COMPILATION_CONDITIONS = DEBUG;
				SWIFT_OPTIMIZATION_LEVEL = "-Onone";
			};
			name = Debug;
		};
		9C1E5D192519A80E0071D21C /* Release */ = {
			isa = XCBuildConfiguration;
			buildSettings = {
				ALWAYS_SEARCH_USER_PATHS = NO;
				CLANG_ANALYZER_NONNULL = YES;
				CLANG_ANALYZER_NUMBER_OBJECT_CONVERSION = YES_AGGRESSIVE;
				CLANG_CXX_LANGUAGE_STANDARD = "gnu++14";
				CLANG_CXX_LIBRARY = "libc++";
				CLANG_ENABLE_MODULES = YES;
				CLANG_ENABLE_OBJC_ARC = YES;
				CLANG_ENABLE_OBJC_WEAK = YES;
				CLANG_WARN_BLOCK_CAPTURE_AUTORELEASING = YES;
				CLANG_WARN_BOOL_CONVERSION = YES;
				CLANG_WARN_COMMA = YES;
				CLANG_WARN_CONSTANT_CONVERSION = YES;
				CLANG_WARN_DEPRECATED_OBJC_IMPLEMENTATIONS = YES;
				CLANG_WARN_DIRECT_OBJC_ISA_USAGE = YES_ERROR;
				CLANG_WARN_DOCUMENTATION_COMMENTS = YES;
				CLANG_WARN_EMPTY_BODY = YES;
				CLANG_WARN_ENUM_CONVERSION = YES;
				CLANG_WARN_INFINITE_RECURSION = YES;
				CLANG_WARN_INT_CONVERSION = YES;
				CLANG_WARN_NON_LITERAL_NULL_CONVERSION = YES;
				CLANG_WARN_OBJC_IMPLICIT_RETAIN_SELF = YES;
				CLANG_WARN_OBJC_LITERAL_CONVERSION = YES;
				CLANG_WARN_OBJC_ROOT_CLASS = YES_ERROR;
				CLANG_WARN_RANGE_LOOP_ANALYSIS = YES;
				CLANG_WARN_STRICT_PROTOTYPES = YES;
				CLANG_WARN_SUSPICIOUS_MOVE = YES;
				CLANG_WARN_UNGUARDED_AVAILABILITY = YES_AGGRESSIVE;
				CLANG_WARN_UNREACHABLE_CODE = YES;
				CLANG_WARN__DUPLICATE_METHOD_MATCH = YES;
				COPY_PHASE_STRIP = NO;
				DEBUG_INFORMATION_FORMAT = "dwarf-with-dsym";
				ENABLE_NS_ASSERTIONS = NO;
				ENABLE_STRICT_OBJC_MSGSEND = YES;
				GCC_C_LANGUAGE_STANDARD = gnu11;
				GCC_NO_COMMON_BLOCKS = YES;
				GCC_WARN_64_TO_32_BIT_CONVERSION = YES;
				GCC_WARN_ABOUT_RETURN_TYPE = YES_ERROR;
				GCC_WARN_UNDECLARED_SELECTOR = YES;
				GCC_WARN_UNINITIALIZED_AUTOS = YES_AGGRESSIVE;
				GCC_WARN_UNUSED_FUNCTION = YES;
				GCC_WARN_UNUSED_VARIABLE = YES;
				IPHONEOS_DEPLOYMENT_TARGET = 13.6;
				MTL_ENABLE_DEBUG_INFO = NO;
				MTL_FAST_MATH = YES;
				SDKROOT = iphoneos;
				SWIFT_COMPILATION_MODE = wholemodule;
				SWIFT_OPTIMIZATION_LEVEL = "-O";
				VALIDATE_PRODUCT = YES;
			};
			name = Release;
		};
		9C1E5D1B2519A80E0071D21C /* Debug */ = {
			isa = XCBuildConfiguration;
			buildSettings = {
				ASSETCATALOG_COMPILER_APPICON_NAME = AppIcon;
				CODE_SIGN_STYLE = Automatic;
				DEVELOPMENT_ASSET_PATHS = "\"utools/Preview Content\"";
				ENABLE_PREVIEWS = YES;
				INFOPLIST_FILE = utools/Info.plist;
				LD_RUNPATH_SEARCH_PATHS = (
					"$(inherited)",
					"@executable_path/Frameworks",
				);
				PRODUCT_BUNDLE_IDENTIFIER = com.jmr.utools;
				PRODUCT_NAME = "$(TARGET_NAME)";
				SWIFT_VERSION = 5.0;
				TARGETED_DEVICE_FAMILY = "1,2";
			};
			name = Debug;
		};
		9C1E5D1C2519A80E0071D21C /* Release */ = {
			isa = XCBuildConfiguration;
			buildSettings = {
				ASSETCATALOG_COMPILER_APPICON_NAME = AppIcon;
				CODE_SIGN_STYLE = Automatic;
				DEVELOPMENT_ASSET_PATHS = "\"utools/Preview Content\"";
				ENABLE_PREVIEWS = YES;
				INFOPLIST_FILE = utools/Info.plist;
				LD_RUNPATH_SEARCH_PATHS = (
					"$(inherited)",
					"@executable_path/Frameworks",
				);
				PRODUCT_BUNDLE_IDENTIFIER = com.jmr.utools;
				PRODUCT_NAME = "$(TARGET_NAME)";
				SWIFT_VERSION = 5.0;
				TARGETED_DEVICE_FAMILY = "1,2";
			};
			name = Release;
		};
		9C1E5D1E2519A80E0071D21C /* Debug */ = {
			isa = XCBuildConfiguration;
			buildSettings = {
				ALWAYS_EMBED_SWIFT_STANDARD_LIBRARIES = YES;
				BUNDLE_LOADER = "$(TEST_HOST)";
				CODE_SIGN_STYLE = Automatic;
				INFOPLIST_FILE = utoolsTests/Info.plist;
				IPHONEOS_DEPLOYMENT_TARGET = 13.6;
				LD_RUNPATH_SEARCH_PATHS = (
					"$(inherited)",
					"@executable_path/Frameworks",
					"@loader_path/Frameworks",
				);
				PRODUCT_BUNDLE_IDENTIFIER = com.jmr.utoolsTests;
				PRODUCT_NAME = "$(TARGET_NAME)";
				SWIFT_VERSION = 5.0;
				TARGETED_DEVICE_FAMILY = "1,2";
				TEST_HOST = "$(BUILT_PRODUCTS_DIR)/utools.app/utools";
			};
			name = Debug;
		};
		9C1E5D1F2519A80E0071D21C /* Release */ = {
			isa = XCBuildConfiguration;
			buildSettings = {
				ALWAYS_EMBED_SWIFT_STANDARD_LIBRARIES = YES;
				BUNDLE_LOADER = "$(TEST_HOST)";
				CODE_SIGN_STYLE = Automatic;
				INFOPLIST_FILE = utoolsTests/Info.plist;
				IPHONEOS_DEPLOYMENT_TARGET = 13.6;
				LD_RUNPATH_SEARCH_PATHS = (
					"$(inherited)",
					"@executable_path/Frameworks",
					"@loader_path/Frameworks",
				);
				PRODUCT_BUNDLE_IDENTIFIER = com.jmr.utoolsTests;
				PRODUCT_NAME = "$(TARGET_NAME)";
				SWIFT_VERSION = 5.0;
				TARGETED_DEVICE_FAMILY = "1,2";
				TEST_HOST = "$(BUILT_PRODUCTS_DIR)/utools.app/utools";
			};
			name = Release;
		};
		9C1E5D212519A80E0071D21C /* Debug */ = {
			isa = XCBuildConfiguration;
			buildSettings = {
				ALWAYS_EMBED_SWIFT_STANDARD_LIBRARIES = YES;
				CODE_SIGN_STYLE = Automatic;
				INFOPLIST_FILE = utoolsUITests/Info.plist;
				LD_RUNPATH_SEARCH_PATHS = (
					"$(inherited)",
					"@executable_path/Frameworks",
					"@loader_path/Frameworks",
				);
				PRODUCT_BUNDLE_IDENTIFIER = com.jmr.utoolsUITests;
				PRODUCT_NAME = "$(TARGET_NAME)";
				SWIFT_VERSION = 5.0;
				TARGETED_DEVICE_FAMILY = "1,2";
				TEST_TARGET_NAME = utools;
			};
			name = Debug;
		};
		9C1E5D222519A80E0071D21C /* Release */ = {
			isa = XCBuildConfiguration;
			buildSettings = {
				ALWAYS_EMBED_SWIFT_STANDARD_LIBRARIES = YES;
				CODE_SIGN_STYLE = Automatic;
				INFOPLIST_FILE = utoolsUITests/Info.plist;
				LD_RUNPATH_SEARCH_PATHS = (
					"$(inherited)",
					"@executable_path/Frameworks",
					"@loader_path/Frameworks",
				);
				PRODUCT_BUNDLE_IDENTIFIER = com.jmr.utoolsUITests;
				PRODUCT_NAME = "$(TARGET_NAME)";
				SWIFT_VERSION = 5.0;
				TARGETED_DEVICE_FAMILY = "1,2";
				TEST_TARGET_NAME = utools;
			};
			name = Release;
		};
/* End XCBuildConfiguration section */

/* Begin XCConfigurationList section */
		9C1E5CEB2519A80A0071D21C /* Build configuration list for PBXProject "utools" */ = {
			isa = XCConfigurationList;
			buildConfigurations = (
				9C1E5D182519A80E0071D21C /* Debug */,
				9C1E5D192519A80E0071D21C /* Release */,
			);
			defaultConfigurationIsVisible = 0;
			defaultConfigurationName = Release;
		};
		9C1E5D1A2519A80E0071D21C /* Build configuration list for PBXNativeTarget "utools" */ = {
			isa = XCConfigurationList;
			buildConfigurations = (
				9C1E5D1B2519A80E0071D21C /* Debug */,
				9C1E5D1C2519A80E0071D21C /* Release */,
			);
			defaultConfigurationIsVisible = 0;
			defaultConfigurationName = Release;
		};
		9C1E5D1D2519A80E0071D21C /* Build configuration list for PBXNativeTarget "utoolsTests" */ = {
			isa = XCConfigurationList;
			buildConfigurations = (
				9C1E5D1E2519A80E0071D21C /* Debug */,
				9C1E5D1F2519A80E0071D21C /* Release */,
			);
			defaultConfigurationIsVisible = 0;
			defaultConfigurationName = Release;
		};
		9C1E5D202519A80E0071D21C /* Build configuration list for PBXNativeTarget "utoolsUITests" */ = {
			isa = XCConfigurationList;
			buildConfigurations = (
				9C1E5D212519A80E0071D21C /* Debug */,
				9C1E5D222519A80E0071D21C /* Release */,
			);
			defaultConfigurationIsVisible = 0;
			defaultConfigurationName = Release;
		};
/* End XCConfigurationList section */
	};
	rootObject = 9C1E5CE82519A80A0071D21C /* Project object */;
}
